{
  "lockfile_version": "1",
  "packages": {
    "curl@latest": {
      "last_modified": "2023-10-29T04:21:19Z",
      "resolved": "github:NixOS/nixpkgs/90e85bc7c1a6fc0760a94ace129d3a1c61c3d035#curl",
      "source": "devbox-search",
      "version": "8.4.0",
      "systems": {
        "aarch64-darwin": {
          "store_path": "/nix/store/x7km8sc29zkz3p4d44si597ll6yxzyns-curl-8.4.0-bin"
        },
        "aarch64-linux": {
          "store_path": "/nix/store/vxf7isck49zwz1cs5akdj4496bjbqsj6-curl-8.4.0-bin"
        },
        "x86_64-darwin": {
          "store_path": "/nix/store/4i17yl7bs737jymqfxp18m2qgc48hv5l-curl-8.4.0-bin"
        },
        "x86_64-linux": {
          "store_path": "/nix/store/0g1lq3vff290wainxdlbz9a18m28pr4r-curl-8.4.0-bin"
        }
      }
    },
    "k9s@latest": {
      "last_modified": "2023-10-25T20:49:13Z",
      "resolved": "github:NixOS/nixpkgs/75a52265bda7fd25e06e3a67dee3f0354e73243c#k9s",
      "source": "devbox-search",
      "version": "0.27.4",
      "systems": {
        "aarch64-darwin": {
          "store_path": "/nix/store/25444hrfdrcbnibr83dxvxd9djzfnrrg-k9s-0.27.4"
        },
        "aarch64-linux": {
          "store_path": "/nix/store/myf7vijlz6lzzch6y5xbqls7yqr4ccc8-k9s-0.27.4"
        },
        "x86_64-darwin": {
          "store_path": "/nix/store/72k2nzz7nrkk9d849bcwqh6mzfyyj3df-k9s-0.27.4"
        },
        "x86_64-linux": {
          "store_path": "/nix/store/w1986f7rbhgrcpda4nxbp24n9zpnqqrx-k9s-0.27.4"
        }
      }
    },
    "kubectl@latest": {
      "last_modified": "2023-10-25T20:49:13Z",
      "resolved": "github:NixOS/nixpkgs/75a52265bda7fd25e06e3a67dee3f0354e73243c#kubectl",
      "source": "devbox-search",
      "version": "1.28.3",
      "systems": {
        "aarch64-darwin": {
          "store_path": "/nix/store/0sw7cwa3aizy1dak55cfahzrr148bbi3-kubectl-1.28.3"
        },
        "aarch64-linux": {
          "store_path": "/nix/store/2w073a4fdvyk0m9izmnq63g4iwb8sx57-kubectl-1.28.3"
        },
        "x86_64-darwin": {
          "store_path": "/nix/store/x2czg9p0ns4f5jl26x609l5jlq2jj202-kubectl-1.28.3"
        },
        "x86_64-linux": {
          "store_path": "/nix/store/k3bhqxjgpxzlb6i28cyaxp84p13ky5q8-kubectl-1.28.3"
        }
      }
    },
    "telepresence@latest": {
      "last_modified": "2023-11-02T13:29:18Z",
      "resolved": "github:NixOS/nixpkgs/b644d97bda6dae837d577e28383c10aa51e5e2d2#telepresence",
      "source": "devbox-search",
      "version": "0.109",
      "systems": {
        "aarch64-linux": {
          "store_path": "/nix/store/3rxmid5jwmqqvamps9x0lhximlayamlj-python3.11-telepresence-0.109"
        },
        "x86_64-linux": {
          "store_path": "/nix/store/m2lzva7s7vck8gascv4mbk63zr12djk2-python3.11-telepresence-0.109"
        }
      }
    }
  }
}
